
Microsoft Visual Studio Solution File, Format Version 12.00
# Visual Studio Version 16
VisualStudioVersion = 16.0.31205.134
MinimumVisualStudioVersion = 10.0.40219.1
Project("{9A19103F-16F7-4668-BE54-9A1E7A4F7556}") = "HelpfulHotkeys", "HelpfulHotkeys.csproj", "{A5D2E1A6-3DE9-4168-8892-FC99EDEAABC7}"
EndProject
Global
	GlobalSection(SolutionConfigurationPlatforms) = preSolution
		Debug|Any CPU = Debug|Any CPU
		Release|Any CPU = Release|Any CPU
	EndGlobalSection
	GlobalSection(ProjectConfigurationPlatforms) = postSolution
		{A5D2E1A6-3DE9-4168-8892-FC99EDEAABC7}.Debug|Any CPU.ActiveCfg = Debug|Any CPU
		{A5D2E1A6-3DE9-4168-8892-FC99EDEAABC7}.Debug|Any CPU.Build.0 = Debug|Any CPU
		{A5D2E1A6-3DE9-4168-8892-FC99EDEAABC7}.Release|Any CPU.ActiveCfg = Release|Any CPU
		{A5D2E1A6-3DE9-4168-8892-FC99EDEAABC7}.Release|Any CPU.Build.0 = Release|Any CPU
	EndGlobalSection
	GlobalSection(SolutionProperties) = preSolution
		HideSolutionNode = FALSE
	EndGlobalSection
	GlobalSection(ExtensibilityGlobals) = postSolution
		SolutionGuid = {3C9771F2-65B7-4E18-A8E4-02DF8ED51C0A}
	EndGlobalSection
EndGlobal
